
Microsoft Visual Studio Solution File, Format Version 12.00
# Visual Studio 2012
Project("{8BC9CEB8-8B4A-11D0-8D11-00A0C91BC942}") = "Frac", "Frac.vcxproj", "{39FA8661-4D10-4786-AB40-CA832D8E52F4}"
EndProject
Global
	GlobalSection(SolutionConfigurationPlatforms) = preSolution
		Debug|Win32 = Debug|Win32
		Release|Win32 = Release|Win32
	EndGlobalSection
	GlobalSection(ProjectConfigurationPlatforms) = postSolution
		{39FA8661-4D10-4786-AB40-CA832D8E52F4}.Debug|Win32.ActiveCfg = Debug|Win32
		{39FA8661-4D10-4786-AB40-CA832D8E52F4}.Debug|Win32.Build.0 = Debug|Win32
		{39FA8661-4D10-4786-AB40-CA832D8E52F4}.Release|Win32.ActiveCfg = Release|Win32
		{39FA8661-4D10-4786-AB40-CA832D8E52F4}.Release|Win32.Build.0 = Release|Win32
	EndGlobalSection
	GlobalSection(SolutionProperties) = preSolution
		HideSolutionNode = FALSE
	EndGlobalSection
EndGlobal
